{
  "lockfileVersion": 1,
  "configVersion": 0,
  "workspaces": {
    "": {
      "name": "page",
      "dependencies": {
        "@pagui/shared": "file:../shared",
        "html2canvas": "^1.4.1",
        "svelte-feather-icons": "^4.2.0",
      },
      "devDependencies": {
        "@eslint/compat": "^1.2.5",
        "@eslint/js": "^9.18.0",
        "@sveltejs/adapter-node": "^5.2.12",
        "@sveltejs/kit": "^2.22.0",
        "@sveltejs/vite-plugin-svelte": "^6.0.0",
        "@vitest/browser": "^3.2.3",
        "eslint": "^9.18.0",
        "eslint-config-prettier": "^10.0.1",
        "eslint-plugin-svelte": "^3.0.0",
        "globals": "^16.0.0",
        "playwright": "^1.53.0",
        "prettier": "^3.4.2",
        "prettier-plugin-svelte": "^3.3.3",
        "svelte": "^5.0.0",
        "svelte-check": "^4.0.0",
        "typescript": "^5.0.0",
        "typescript-eslint": "^8.20.0",
        "vite": "^7.0.4",
        "vitest": "^3.2.3",
        "vitest-browser-svelte": "^0.1.0",
      },
    },
  },
  "packages": {
    "@babel/code-frame": ["@babel/code-frame@7.27.1", "", { "dependencies": { "@babel/helper-validator-identifier": "^7.27.1", "js-tokens": "^4.0.0", "picocolors": "^1.1.1" } }, ""],

    "@babel/helper-validator-identifier": ["@babel/helper-validator-identifier@7.27.1", "", {}, ""],

    "@babel/runtime": ["@babel/runtime@7.28.3", "", {}, ""],

    "@esbuild/win32-x64": ["@esbuild/win32-x64@0.25.9", "", { "os": "win32", "cpu": "x64" }, ""],

    "@eslint-community/eslint-utils": ["@eslint-community/eslint-utils@4.7.0", "", { "dependencies": { "eslint-visitor-keys": "^3.4.3" }, "peerDependencies": { "eslint": "^6.0.0 || ^7.0.0 || >=8.0.0" } }, ""],

    "@eslint-community/regexpp": ["@eslint-community/regexpp@4.12.1", "", {}, ""],

    "@eslint/compat": ["@eslint/compat@1.3.2", "", { "peerDependencies": { "eslint": "^8.40 || 9" } }, ""],

    "@eslint/config-array": ["@eslint/config-array@0.21.0", "", { "dependencies": { "@eslint/object-schema": "^2.1.6", "debug": "^4.3.1", "minimatch": "^3.1.2" } }, ""],

    "@eslint/config-helpers": ["@eslint/config-helpers@0.3.1", "", {}, ""],

    "@eslint/core": ["@eslint/core@0.15.2", "", { "dependencies": { "@types/json-schema": "^7.0.15" } }, ""],

    "@eslint/eslintrc": ["@eslint/eslintrc@3.3.1", "", { "dependencies": { "ajv": "^6.12.4", "debug": "^4.3.2", "espree": "^10.0.1", "globals": "^14.0.0", "ignore": "^5.2.0", "import-fresh": "^3.2.1", "js-yaml": "^4.1.0", "minimatch": "^3.1.2", "strip-json-comments": "^3.1.1" } }, ""],

    "@eslint/js": ["@eslint/js@9.33.0", "", {}, ""],

    "@eslint/object-schema": ["@eslint/object-schema@2.1.6", "", {}, ""],

    "@eslint/plugin-kit": ["@eslint/plugin-kit@0.3.5", "", { "dependencies": { "@eslint/core": "^0.15.2", "levn": "^0.4.1" } }, ""],

    "@humanfs/core": ["@humanfs/core@0.19.1", "", {}, ""],

    "@humanfs/node": ["@humanfs/node@0.16.6", "", { "dependencies": { "@humanfs/core": "^0.19.1", "@humanwhocodes/retry": "^0.3.0" } }, ""],

    "@humanwhocodes/module-importer": ["@humanwhocodes/module-importer@1.0.1", "", {}, ""],

    "@humanwhocodes/retry": ["@humanwhocodes/retry@0.4.3", "", {}, ""],

    "@jridgewell/gen-mapping": ["@jridgewell/gen-mapping@0.3.13", "", { "dependencies": { "@jridgewell/sourcemap-codec": "^1.5.0", "@jridgewell/trace-mapping": "^0.3.24" } }, ""],

    "@jridgewell/remapping": ["@jridgewell/remapping@2.3.5", "", { "dependencies": { "@jridgewell/gen-mapping": "^0.3.5", "@jridgewell/trace-mapping": "^0.3.24" } }, ""],

    "@jridgewell/resolve-uri": ["@jridgewell/resolve-uri@3.1.2", "", {}, ""],

    "@jridgewell/sourcemap-codec": ["@jridgewell/sourcemap-codec@1.5.5", "", {}, ""],

    "@jridgewell/trace-mapping": ["@jridgewell/trace-mapping@0.3.30", "", { "dependencies": { "@jridgewell/resolve-uri": "^3.1.0", "@jridgewell/sourcemap-codec": "^1.4.14" } }, ""],

    "@nodelib/fs.scandir": ["@nodelib/fs.scandir@2.1.5", "", { "dependencies": { "@nodelib/fs.stat": "2.0.5", "run-parallel": "^1.1.9" } }, ""],

    "@nodelib/fs.stat": ["@nodelib/fs.stat@2.0.5", "", {}, ""],

    "@nodelib/fs.walk": ["@nodelib/fs.walk@1.2.8", "", { "dependencies": { "@nodelib/fs.scandir": "2.1.5", "fastq": "^1.6.0" } }, ""],

    "@pagui/shared": ["@pagui/shared@file:../shared", { "dependencies": { "@sinclair/typebox": "^0.34.52" } }],

    "@polka/url": ["@polka/url@1.0.0-next.29", "", {}, ""],

    "@rollup/plugin-commonjs": ["@rollup/plugin-commonjs@28.0.6", "", { "dependencies": { "@rollup/pluginutils": "^5.0.1", "commondir": "^1.0.1", "estree-walker": "^2.0.2", "fdir": "^6.2.0", "is-reference": "1.2.1", "magic-string": "^0.30.3", "picomatch": "^4.0.2" }, "peerDependencies": { "rollup": "^2.68.0||^3.0.0||^4.0.0" } }, ""],

    "@rollup/plugin-json": ["@rollup/plugin-json@6.1.0", "", { "dependencies": { "@rollup/pluginutils": "^5.1.0" }, "peerDependencies": { "rollup": "^1.20.0||^2.0.0||^3.0.0||^4.0.0" } }, ""],

    "@rollup/plugin-node-resolve": ["@rollup/plugin-node-resolve@16.0.1", "", { "dependencies": { "@rollup/pluginutils": "^5.0.1", "@types/resolve": "1.20.2", "deepmerge": "^4.2.2", "is-module": "^1.0.0", "resolve": "^1.22.1" }, "peerDependencies": { "rollup": "^2.78.0||^3.0.0||^4.0.0" } }, ""],

    "@rollup/pluginutils": ["@rollup/pluginutils@5.2.0", "", { "dependencies": { "@types/estree": "^1.0.0", "estree-walker": "^2.0.2", "picomatch": "^4.0.2" }, "peerDependencies": { "rollup": "^1.20.0||^2.0.0||^3.0.0||^4.0.0" } }, ""],

    "@rollup/rollup-win32-x64-msvc": ["@rollup/rollup-win32-x64-msvc@4.47.1", "", { "os": "win32", "cpu": "x64" }, ""],

    "@sinclair/typebox": ["@sinclair/typebox@0.34.52", "", {}, "sha512-XiMQh7qqVlxZzcVD+kkGMNGMzcTrDMLWI7S4x7z1MkCkbDPrekpZXEUK0eZqZFMuHQg2a2DZOcDIh9o5v3Gonw=="],

    "@standard-schema/spec": ["@standard-schema/spec@1.0.0", "", {}, ""],

    "@sveltejs/acorn-typescript": ["@sveltejs/acorn-typescript@1.0.5", "", { "peerDependencies": { "acorn": "^8.9.0" } }, ""],

    "@sveltejs/adapter-node": ["@sveltejs/adapter-node@5.3.1", "", { "dependencies": { "@rollup/plugin-commonjs": "^28.0.1", "@rollup/plugin-json": "^6.1.0", "@rollup/plugin-node-resolve": "^16.0.0", "rollup": "^4.9.5" }, "peerDependencies": { "@sveltejs/kit": "^2.4.0" } }, ""],

    "@sveltejs/kit": ["@sveltejs/kit@2.36.1", "", { "dependencies": { "@standard-schema/spec": "^1.0.0", "@sveltejs/acorn-typescript": "^1.0.5", "@types/cookie": "^0.6.0", "acorn": "^8.14.1", "cookie": "^0.6.0", "devalue": "^5.1.0", "esm-env": "^1.2.2", "kleur": "^4.1.5", "magic-string": "^0.30.5", "mrmime": "^2.0.0", "sade": "^1.8.1", "set-cookie-parser": "^2.6.0", "sirv": "^3.0.0" }, "peerDependencies": { "@opentelemetry/api": "^1.0.0", "@sveltejs/vite-plugin-svelte": "^3.0.0 || ^4.0.0-next.1 || ^5.0.0 || ^6.0.0-next.0", "svelte": "^4.0.0 || ^5.0.0-next.0", "vite": "^5.0.3 || ^6.0.0 || ^7.0.0-beta.0" }, "optionalPeers": ["@opentelemetry/api"], "bin": { "svelte-kit": "svelte-kit.js" } }, ""],

    "@sveltejs/vite-plugin-svelte": ["@sveltejs/vite-plugin-svelte@6.1.3", "", { "dependencies": { "@sveltejs/vite-plugin-svelte-inspector": "^5.0.0", "debug": "^4.4.1", "deepmerge": "^4.3.1", "kleur": "^4.1.5", "magic-string": "^0.30.17", "vitefu": "^1.1.1" }, "peerDependencies": { "svelte": "^5.0.0", "vite": "^6.3.0 || ^7.0.0" } }, ""],

    "@sveltejs/vite-plugin-svelte-inspector": ["@sveltejs/vite-plugin-svelte-inspector@5.0.1", "", { "dependencies": { "debug": "^4.4.1" }, "peerDependencies": { "@sveltejs/vite-plugin-svelte": "^6.0.0-next.0", "svelte": "^5.0.0", "vite": "^6.3.0 || ^7.0.0" } }, ""],

    "@testing-library/dom": ["@testing-library/dom@10.4.1", "", { "dependencies": { "@babel/code-frame": "^7.10.4", "@babel/runtime": "^7.12.5", "@types/aria-query": "^5.0.1", "aria-query": "5.3.0", "dom-accessibility-api": "^0.5.9", "lz-string": "^1.5.0", "picocolors": "1.1.1", "pretty-format": "^27.0.2" } }, ""],

    "@testing-library/user-event": ["@testing-library/user-event@14.6.1", "", { "peerDependencies": { "@testing-library/dom": ">=7.21.4" } }, ""],

    "@types/aria-query": ["@types/aria-query@5.0.4", "", {}, ""],

    "@types/chai": ["@types/chai@5.2.2", "", { "dependencies": { "@types/deep-eql": "*" } }, ""],

    "@types/cookie": ["@types/cookie@0.6.0", "", {}, ""],

    "@types/deep-eql": ["@types/deep-eql@4.0.2", "", {}, ""],

    "@types/estree": ["@types/estree@1.0.8", "", {}, ""],

    "@types/json-schema": ["@types/json-schema@7.0.15", "", {}, ""],

    "@types/resolve": ["@types/resolve@1.20.2", "", {}, ""],

    "@typescript-eslint/eslint-plugin": ["@typescript-eslint/eslint-plugin@8.40.0", "", { "dependencies": { "@eslint-community/regexpp": "^4.10.0", "@typescript-eslint/scope-manager": "8.40.0", "@typescript-eslint/type-utils": "8.40.0", "@typescript-eslint/utils": "8.40.0", "@typescript-eslint/visitor-keys": "8.40.0", "graphemer": "^1.4.0", "ignore": "^7.0.0", "natural-compare": "^1.4.0", "ts-api-utils": "^2.1.0" }, "peerDependencies": { "@typescript-eslint/parser": "^8.40.0", "eslint": "^8.57.0 || ^9.0.0", "typescript": ">=4.8.4 <6.0.0" } }, ""],

    "@typescript-eslint/parser": ["@typescript-eslint/parser@8.40.0", "", { "dependencies": { "@typescript-eslint/scope-manager": "8.40.0", "@typescript-eslint/types": "8.40.0", "@typescript-eslint/typescript-estree": "8.40.0", "@typescript-eslint/visitor-keys": "8.40.0", "debug": "^4.3.4" }, "peerDependencies": { "eslint": "^8.57.0 || ^9.0.0", "typescript": ">=4.8.4 <6.0.0" } }, ""],

    "@typescript-eslint/project-service": ["@typescript-eslint/project-service@8.40.0", "", { "dependencies": { "@typescript-eslint/tsconfig-utils": "^8.40.0", "@typescript-eslint/types": "^8.40.0", "debug": "^4.3.4" }, "peerDependencies": { "typescript": ">=4.8.4 <6.0.0" } }, ""],

    "@typescript-eslint/scope-manager": ["@typescript-eslint/scope-manager@8.40.0", "", { "dependencies": { "@typescript-eslint/types": "8.40.0", "@typescript-eslint/visitor-keys": "8.40.0" } }, ""],

    "@typescript-eslint/tsconfig-utils": ["@typescript-eslint/tsconfig-utils@8.40.0", "", { "peerDependencies": { "typescript": ">=4.8.4 <6.0.0" } }, ""],

    "@typescript-eslint/type-utils": ["@typescript-eslint/type-utils@8.40.0", "", { "dependencies": { "@typescript-eslint/types": "8.40.0", "@typescript-eslint/typescript-estree": "8.40.0", "@typescript-eslint/utils": "8.40.0", "debug": "^4.3.4", "ts-api-utils": "^2.1.0" }, "peerDependencies": { "eslint": "^8.57.0 || ^9.0.0", "typescript": ">=4.8.4 <6.0.0" } }, ""],

    "@typescript-eslint/types": ["@typescript-eslint/types@8.40.0", "", {}, ""],

    "@typescript-eslint/typescript-estree": ["@typescript-eslint/typescript-estree@8.40.0", "", { "dependencies": { "@typescript-eslint/project-service": "8.40.0", "@typescript-eslint/tsconfig-utils": "8.40.0", "@typescript-eslint/types": "8.40.0", "@typescript-eslint/visitor-keys": "8.40.0", "debug": "^4.3.4", "fast-glob": "^3.3.2", "is-glob": "^4.0.3", "minimatch": "^9.0.4", "semver": "^7.6.0", "ts-api-utils": "^2.1.0" }, "peerDependencies": { "typescript": ">=4.8.4 <6.0.0" } }, ""],

    "@typescript-eslint/utils": ["@typescript-eslint/utils@8.40.0", "", { "dependencies": { "@eslint-community/eslint-utils": "^4.7.0", "@typescript-eslint/scope-manager": "8.40.0", "@typescript-eslint/types": "8.40.0", "@typescript-eslint/typescript-estree": "8.40.0" }, "peerDependencies": { "eslint": "^8.57.0 || ^9.0.0", "typescript": ">=4.8.4 <6.0.0" } }, ""],

    "@typescript-eslint/visitor-keys": ["@typescript-eslint/visitor-keys@8.40.0", "", { "dependencies": { "@typescript-eslint/types": "8.40.0", "eslint-visitor-keys": "^4.2.1" } }, ""],

    "@vitest/browser": ["@vitest/browser@3.2.4", "", { "dependencies": { "@testing-library/dom": "^10.4.0", "@testing-library/user-event": "^14.6.1", "@vitest/mocker": "3.2.4", "@vitest/utils": "3.2.4", "magic-string": "^0.30.17", "sirv": "^3.0.1", "tinyrainbow": "^2.0.0", "ws": "^8.18.2" }, "peerDependencies": { "playwright": "*", "vitest": "3.2.4", "webdriverio": "^7.0.0 || ^8.0.0 || ^9.0.0" }, "optionalPeers": ["webdriverio"] }, ""],

    "@vitest/expect": ["@vitest/expect@3.2.4", "", { "dependencies": { "@types/chai": "^5.2.2", "@vitest/spy": "3.2.4", "@vitest/utils": "3.2.4", "chai": "^5.2.0", "tinyrainbow": "^2.0.0" } }, ""],

    "@vitest/mocker": ["@vitest/mocker@3.2.4", "", { "dependencies": { "@vitest/spy": "3.2.4", "estree-walker": "^3.0.3", "magic-string": "^0.30.17" }, "peerDependencies": { "msw": "^2.4.9", "vite": "^5.0.0 || ^6.0.0 || ^7.0.0-0" }, "optionalPeers": ["msw"] }, ""],

    "@vitest/pretty-format": ["@vitest/pretty-format@3.2.4", "", { "dependencies": { "tinyrainbow": "^2.0.0" } }, ""],

    "@vitest/runner": ["@vitest/runner@3.2.4", "", { "dependencies": { "@vitest/utils": "3.2.4", "pathe": "^2.0.3", "strip-literal": "^3.0.0" } }, ""],

    "@vitest/snapshot": ["@vitest/snapshot@3.2.4", "", { "dependencies": { "@vitest/pretty-format": "3.2.4", "magic-string": "^0.30.17", "pathe": "^2.0.3" } }, ""],

    "@vitest/spy": ["@vitest/spy@3.2.4", "", { "dependencies": { "tinyspy": "^4.0.3" } }, ""],

    "@vitest/utils": ["@vitest/utils@3.2.4", "", { "dependencies": { "@vitest/pretty-format": "3.2.4", "loupe": "^3.1.4", "tinyrainbow": "^2.0.0" } }, ""],

    "acorn": ["acorn@8.15.0", "", { "bin": "bin/acorn" }, ""],

    "acorn-jsx": ["acorn-jsx@5.3.2", "", { "peerDependencies": { "acorn": "^6.0.0 || ^7.0.0 || ^8.0.0" } }, ""],

    "ajv": ["ajv@6.12.6", "", { "dependencies": { "fast-deep-equal": "^3.1.1", "fast-json-stable-stringify": "^2.0.0", "json-schema-traverse": "^0.4.1", "uri-js": "^4.2.2" } }, ""],

    "ansi-regex": ["ansi-regex@5.0.1", "", {}, ""],

    "ansi-styles": ["ansi-styles@4.3.0", "", { "dependencies": { "color-convert": "^2.0.1" } }, ""],

    "argparse": ["argparse@2.0.1", "", {}, ""],

    "aria-query": ["aria-query@5.3.2", "", {}, ""],

    "assertion-error": ["assertion-error@2.0.1", "", {}, ""],

    "axobject-query": ["axobject-query@4.1.0", "", {}, ""],

    "balanced-match": ["balanced-match@1.0.2", "", {}, ""],

    "base64-arraybuffer": ["base64-arraybuffer@1.0.2", "", {}, "sha512-I3yl4r9QB5ZRY3XuJVEPfc2XhZO6YweFPI+UovAzn+8/hb3oJ6lnysaFcjVpkCPfVWFUDvoZ8kmVDP7WyRtYtQ=="],

    "brace-expansion": ["brace-expansion@1.1.12", "", { "dependencies": { "balanced-match": "^1.0.0", "concat-map": "0.0.1" } }, ""],

    "braces": ["braces@3.0.3", "", { "dependencies": { "fill-range": "^7.1.1" } }, ""],

    "cac": ["cac@6.7.14", "", {}, ""],

    "callsites": ["callsites@3.1.0", "", {}, ""],

    "chai": ["chai@5.3.2", "", { "dependencies": { "assertion-error": "^2.0.1", "check-error": "^2.1.1", "deep-eql": "^5.0.1", "loupe": "^3.1.0", "pathval": "^2.0.0" } }, ""],

    "chalk": ["chalk@4.1.2", "", { "dependencies": { "ansi-styles": "^4.1.0", "supports-color": "^7.1.0" } }, ""],

    "check-error": ["check-error@2.1.1", "", {}, ""],

    "chokidar": ["chokidar@4.0.3", "", { "dependencies": { "readdirp": "^4.0.1" } }, ""],

    "clsx": ["clsx@2.1.1", "", {}, ""],

    "color-convert": ["color-convert@2.0.1", "", { "dependencies": { "color-name": "~1.1.4" } }, ""],

    "color-name": ["color-name@1.1.4", "", {}, ""],

    "commondir": ["commondir@1.0.1", "", {}, ""],

    "concat-map": ["concat-map@0.0.1", "", {}, ""],

    "cookie": ["cookie@0.6.0", "", {}, ""],

    "cross-spawn": ["cross-spawn@7.0.6", "", { "dependencies": { "path-key": "^3.1.0", "shebang-command": "^2.0.0", "which": "^2.0.1" } }, ""],

    "css-line-break": ["css-line-break@2.1.0", "", { "dependencies": { "utrie": "^1.0.2" } }, "sha512-FHcKFCZcAha3LwfVBhCQbW2nCNbkZXn7KVUJcsT5/P8YmfsVja0FMPJr0B903j/E69HUphKiV9iQArX8SDYA4w=="],

    "cssesc": ["cssesc@3.0.0", "", { "bin": "bin/cssesc" }, ""],

    "debug": ["debug@4.4.1", "", { "dependencies": { "ms": "^2.1.3" } }, ""],

    "deep-eql": ["deep-eql@5.0.2", "", {}, ""],

    "deep-is": ["deep-is@0.1.4", "", {}, ""],

    "deepmerge": ["deepmerge@4.3.1", "", {}, ""],

    "dequal": ["dequal@2.0.3", "", {}, ""],

    "devalue": ["devalue@5.1.1", "", {}, ""],

    "dom-accessibility-api": ["dom-accessibility-api@0.5.16", "", {}, ""],

    "es-module-lexer": ["es-module-lexer@1.7.0", "", {}, ""],

    "esbuild": ["esbuild@0.25.9", "", { "optionalDependencies": { "@esbuild/win32-x64": "0.25.9" }, "bin": "bin/esbuild" }, ""],

    "escape-string-regexp": ["escape-string-regexp@4.0.0", "", {}, ""],

    "eslint": ["eslint@9.33.0", "", { "dependencies": { "@eslint-community/eslint-utils": "^4.2.0", "@eslint-community/regexpp": "^4.12.1", "@eslint/config-array": "^0.21.0", "@eslint/config-helpers": "^0.3.1", "@eslint/core": "^0.15.2", "@eslint/eslintrc": "^3.3.1", "@eslint/js": "9.33.0", "@eslint/plugin-kit": "^0.3.5", "@humanfs/node": "^0.16.6", "@humanwhocodes/module-importer": "^1.0.1", "@humanwhocodes/retry": "^0.4.2", "@types/estree": "^1.0.6", "@types/json-schema": "^7.0.15", "ajv": "^6.12.4", "chalk": "^4.0.0", "cross-spawn": "^7.0.6", "debug": "^4.3.2", "escape-string-regexp": "^4.0.0", "eslint-scope": "^8.4.0", "eslint-visitor-keys": "^4.2.1", "espree": "^10.4.0", "esquery": "^1.5.0", "esutils": "^2.0.2", "fast-deep-equal": "^3.1.3", "file-entry-cache": "^8.0.0", "find-up": "^5.0.0", "glob-parent": "^6.0.2", "ignore": "^5.2.0", "imurmurhash": "^0.1.4", "is-glob": "^4.0.0", "json-stable-stringify-without-jsonify": "^1.0.1", "lodash.merge": "^4.6.2", "minimatch": "^3.1.2", "natural-compare": "^1.4.0", "optionator": "^0.9.3" }, "peerDependencies": { "jiti": "*" }, "optionalPeers": ["jiti"], "bin": "bin/eslint.js" }, ""],

    "eslint-config-prettier": ["eslint-config-prettier@10.1.8", "", { "peerDependencies": { "eslint": ">=7.0.0" }, "bin": "bin/cli.js" }, ""],

    "eslint-plugin-svelte": ["eslint-plugin-svelte@3.11.0", "", { "dependencies": { "@eslint-community/eslint-utils": "^4.6.1", "@jridgewell/sourcemap-codec": "^1.5.0", "esutils": "^2.0.3", "globals": "^16.0.0", "known-css-properties": "^0.37.0", "postcss": "^8.4.49", "postcss-load-config": "^3.1.4", "postcss-safe-parser": "^7.0.0", "semver": "^7.6.3", "svelte-eslint-parser": "^1.3.0" }, "peerDependencies": { "eslint": "^8.57.1 || ^9.0.0", "svelte": "^3.37.0 || ^4.0.0 || ^5.0.0" } }, ""],

    "eslint-scope": ["eslint-scope@8.4.0", "", { "dependencies": { "esrecurse": "^4.3.0", "estraverse": "^5.2.0" } }, ""],

    "eslint-visitor-keys": ["eslint-visitor-keys@4.2.1", "", {}, ""],

    "esm-env": ["esm-env@1.2.2", "", {}, ""],

    "espree": ["espree@10.4.0", "", { "dependencies": { "acorn": "^8.15.0", "acorn-jsx": "^5.3.2", "eslint-visitor-keys": "^4.2.1" } }, ""],

    "esquery": ["esquery@1.6.0", "", { "dependencies": { "estraverse": "^5.1.0" } }, ""],

    "esrap": ["esrap@2.1.0", "", { "dependencies": { "@jridgewell/sourcemap-codec": "^1.4.15" } }, ""],

    "esrecurse": ["esrecurse@4.3.0", "", { "dependencies": { "estraverse": "^5.2.0" } }, ""],

    "estraverse": ["estraverse@5.3.0", "", {}, ""],

    "estree-walker": ["estree-walker@2.0.2", "", {}, ""],

    "esutils": ["esutils@2.0.3", "", {}, ""],

    "expect-type": ["expect-type@1.2.2", "", {}, ""],

    "fast-deep-equal": ["fast-deep-equal@3.1.3", "", {}, ""],

    "fast-glob": ["fast-glob@3.3.3", "", { "dependencies": { "@nodelib/fs.stat": "^2.0.2", "@nodelib/fs.walk": "^1.2.3", "glob-parent": "^5.1.2", "merge2": "^1.3.0", "micromatch": "^4.0.8" } }, ""],

    "fast-json-stable-stringify": ["fast-json-stable-stringify@2.1.0", "", {}, ""],

    "fast-levenshtein": ["fast-levenshtein@2.0.6", "", {}, ""],

    "fastq": ["fastq@1.19.1", "", { "dependencies": { "reusify": "^1.0.4" } }, ""],

    "fdir": ["fdir@6.5.0", "", { "peerDependencies": { "picomatch": "^3 || ^4" } }, ""],

    "file-entry-cache": ["file-entry-cache@8.0.0", "", { "dependencies": { "flat-cache": "^4.0.0" } }, ""],

    "fill-range": ["fill-range@7.1.1", "", { "dependencies": { "to-regex-range": "^5.0.1" } }, ""],

    "find-up": ["find-up@5.0.0", "", { "dependencies": { "locate-path": "^6.0.0", "path-exists": "^4.0.0" } }, ""],

    "flat-cache": ["flat-cache@4.0.1", "", { "dependencies": { "flatted": "^3.2.9", "keyv": "^4.5.4" } }, ""],

    "flatted": ["flatted@3.3.3", "", {}, ""],

    "fsevents": ["fsevents@2.3.2", "", { "os": "darwin" }, "sha512-xiqMQR4xAeHTuB9uWm+fFRcIOgKBMiOBP+eXiyT7jsgVCq1bkVygt00oASowB7EdtpOHaaPgKt812P9ab+DDKA=="],

    "function-bind": ["function-bind@1.1.2", "", {}, ""],

    "glob-parent": ["glob-parent@6.0.2", "", { "dependencies": { "is-glob": "^4.0.3" } }, ""],

    "globals": ["globals@16.3.0", "", {}, ""],

    "graphemer": ["graphemer@1.4.0", "", {}, ""],

    "has-flag": ["has-flag@4.0.0", "", {}, ""],

    "hasown": ["hasown@2.0.2", "", { "dependencies": { "function-bind": "^1.1.2" } }, ""],

    "html2canvas": ["html2canvas@1.4.1", "", { "dependencies": { "css-line-break": "^2.1.0", "text-segmentation": "^1.0.3" } }, "sha512-fPU6BHNpsyIhr8yyMpTLLxAbkaK8ArIBcmZIRiBLiDhjeqvXolaEmDGmELFuX9I4xDcaKKcJl+TKZLqruBbmWA=="],

    "ignore": ["ignore@5.3.2", "", {}, ""],

    "import-fresh": ["import-fresh@3.3.1", "", { "dependencies": { "parent-module": "^1.0.0", "resolve-from": "^4.0.0" } }, ""],

    "imurmurhash": ["imurmurhash@0.1.4", "", {}, ""],

    "is-core-module": ["is-core-module@2.16.1", "", { "dependencies": { "hasown": "^2.0.2" } }, ""],

    "is-extglob": ["is-extglob@2.1.1", "", {}, ""],

    "is-glob": ["is-glob@4.0.3", "", { "dependencies": { "is-extglob": "^2.1.1" } }, ""],

    "is-module": ["is-module@1.0.0", "", {}, ""],

    "is-number": ["is-number@7.0.0", "", {}, ""],

    "is-reference": ["is-reference@3.0.3", "", { "dependencies": { "@types/estree": "^1.0.6" } }, ""],

    "isexe": ["isexe@2.0.0", "", {}, ""],

    "js-tokens": ["js-tokens@4.0.0", "", {}, ""],

    "js-yaml": ["js-yaml@4.1.0", "", { "dependencies": { "argparse": "^2.0.1" }, "bin": "bin/js-yaml.js" }, ""],

    "json-buffer": ["json-buffer@3.0.1", "", {}, ""],

    "json-schema-traverse": ["json-schema-traverse@0.4.1", "", {}, ""],

    "json-stable-stringify-without-jsonify": ["json-stable-stringify-without-jsonify@1.0.1", "", {}, ""],

    "keyv": ["keyv@4.5.4", "", { "dependencies": { "json-buffer": "3.0.1" } }, ""],

    "kleur": ["kleur@4.1.5", "", {}, ""],

    "known-css-properties": ["known-css-properties@0.37.0", "", {}, ""],

    "levn": ["levn@0.4.1", "", { "dependencies": { "prelude-ls": "^1.2.1", "type-check": "~0.4.0" } }, ""],

    "lilconfig": ["lilconfig@2.1.0", "", {}, ""],

    "locate-character": ["locate-character@3.0.0", "", {}, ""],

    "locate-path": ["locate-path@6.0.0", "", { "dependencies": { "p-locate": "^5.0.0" } }, ""],

    "lodash.merge": ["lodash.merge@4.6.2", "", {}, ""],

    "loupe": ["loupe@3.2.1", "", {}, ""],

    "lz-string": ["lz-string@1.5.0", "", { "bin": "bin/bin.js" }, ""],

    "magic-string": ["magic-string@0.30.18", "", { "dependencies": { "@jridgewell/sourcemap-codec": "^1.5.5" } }, ""],

    "merge2": ["merge2@1.4.1", "", {}, ""],

    "micromatch": ["micromatch@4.0.8", "", { "dependencies": { "braces": "^3.0.3", "picomatch": "^2.3.1" } }, ""],

    "minimatch": ["minimatch@3.1.2", "", { "dependencies": { "brace-expansion": "^1.1.7" } }, ""],

    "mri": ["mri@1.2.0", "", {}, ""],

    "mrmime": ["mrmime@2.0.1", "", {}, ""],

    "ms": ["ms@2.1.3", "", {}, ""],

    "nanoid": ["nanoid@3.3.11", "", { "bin": "bin/nanoid.cjs" }, ""],

    "natural-compare": ["natural-compare@1.4.0", "", {}, ""],

    "optionator": ["optionator@0.9.4", "", { "dependencies": { "deep-is": "^0.1.3", "fast-levenshtein": "^2.0.6", "levn": "^0.4.1", "prelude-ls": "^1.2.1", "type-check": "^0.4.0", "word-wrap": "^1.2.5" } }, ""],

    "p-limit": ["p-limit@3.1.0", "", { "dependencies": { "yocto-queue": "^0.1.0" } }, ""],

    "p-locate": ["p-locate@5.0.0", "", { "dependencies": { "p-limit": "^3.0.2" } }, ""],

    "parent-module": ["parent-module@1.0.1", "", { "dependencies": { "callsites": "^3.0.0" } }, ""],

    "path-exists": ["path-exists@4.0.0", "", {}, ""],

    "path-key": ["path-key@3.1.1", "", {}, ""],

    "path-parse": ["path-parse@1.0.7", "", {}, ""],

    "pathe": ["pathe@2.0.3", "", {}, ""],

    "pathval": ["pathval@2.0.1", "", {}, ""],

    "picocolors": ["picocolors@1.1.1", "", {}, ""],

    "picomatch": ["picomatch@4.0.3", "", {}, ""],

    "playwright": ["playwright@1.55.0", "", { "dependencies": { "playwright-core": "1.55.0" }, "optionalDependencies": { "fsevents": "2.3.2" }, "bin": "cli.js" }, ""],

    "playwright-core": ["playwright-core@1.55.0", "", { "bin": "cli.js" }, ""],

    "postcss": ["postcss@8.5.6", "", { "dependencies": { "nanoid": "^3.3.11", "picocolors": "^1.1.1", "source-map-js": "^1.2.1" } }, ""],

    "postcss-load-config": ["postcss-load-config@3.1.4", "", { "dependencies": { "lilconfig": "^2.0.5", "yaml": "^1.10.2" }, "peerDependencies": { "postcss": ">=8.0.9", "ts-node": ">=9.0.0" }, "optionalPeers": ["ts-node"] }, ""],

    "postcss-safe-parser": ["postcss-safe-parser@7.0.1", "", { "peerDependencies": { "postcss": "^8.4.31" } }, ""],

    "postcss-scss": ["postcss-scss@4.0.9", "", { "peerDependencies": { "postcss": "^8.4.29" } }, ""],

    "postcss-selector-parser": ["postcss-selector-parser@7.1.0", "", { "dependencies": { "cssesc": "^3.0.0", "util-deprecate": "^1.0.2" } }, ""],

    "prelude-ls": ["prelude-ls@1.2.1", "", {}, ""],

    "prettier": ["prettier@3.6.2", "", { "bin": "bin/prettier.cjs" }, ""],

    "prettier-plugin-svelte": ["prettier-plugin-svelte@3.4.0", "", { "peerDependencies": { "prettier": "^3.0.0", "svelte": "^3.2.0 || ^4.0.0-next.0 || ^5.0.0-next.0" } }, ""],

    "pretty-format": ["pretty-format@27.5.1", "", { "dependencies": { "ansi-regex": "^5.0.1", "ansi-styles": "^5.0.0", "react-is": "^17.0.1" } }, ""],

    "punycode": ["punycode@2.3.1", "", {}, ""],

    "queue-microtask": ["queue-microtask@1.2.3", "", {}, ""],

    "react-is": ["react-is@17.0.2", "", {}, ""],

    "readdirp": ["readdirp@4.1.2", "", {}, ""],

    "resolve": ["resolve@1.22.10", "", { "dependencies": { "is-core-module": "^2.16.0", "path-parse": "^1.0.7", "supports-preserve-symlinks-flag": "^1.0.0" }, "bin": "bin/resolve" }, ""],

    "resolve-from": ["resolve-from@4.0.0", "", {}, ""],

    "reusify": ["reusify@1.1.0", "", {}, ""],

    "rollup": ["rollup@4.47.1", "", { "dependencies": { "@types/estree": "1.0.8" }, "optionalDependencies": { "@rollup/rollup-win32-x64-msvc": "4.47.1", "fsevents": "~2.3.2" }, "bin": "dist/bin/rollup" }, ""],

    "run-parallel": ["run-parallel@1.2.0", "", { "dependencies": { "queue-microtask": "^1.2.2" } }, ""],

    "sade": ["sade@1.8.1", "", { "dependencies": { "mri": "^1.1.0" } }, ""],

    "semver": ["semver@7.7.2", "", { "bin": "bin/semver.js" }, ""],

    "set-cookie-parser": ["set-cookie-parser@2.7.1", "", {}, ""],

    "shebang-command": ["shebang-command@2.0.0", "", { "dependencies": { "shebang-regex": "^3.0.0" } }, ""],

    "shebang-regex": ["shebang-regex@3.0.0", "", {}, ""],

    "siginfo": ["siginfo@2.0.0", "", {}, ""],

    "sirv": ["sirv@3.0.1", "", { "dependencies": { "@polka/url": "^1.0.0-next.24", "mrmime": "^2.0.0", "totalist": "^3.0.0" } }, ""],

    "source-map-js": ["source-map-js@1.2.1", "", {}, ""],

    "stackback": ["stackback@0.0.2", "", {}, ""],

    "std-env": ["std-env@3.9.0", "", {}, ""],

    "strip-json-comments": ["strip-json-comments@3.1.1", "", {}, ""],

    "strip-literal": ["strip-literal@3.0.0", "", { "dependencies": { "js-tokens": "^9.0.1" } }, ""],

    "supports-color": ["supports-color@7.2.0", "", { "dependencies": { "has-flag": "^4.0.0" } }, ""],

    "supports-preserve-symlinks-flag": ["supports-preserve-symlinks-flag@1.0.0", "", {}, ""],

    "svelte": ["svelte@5.38.2", "", { "dependencies": { "@jridgewell/remapping": "^2.3.4", "@jridgewell/sourcemap-codec": "^1.5.0", "@sveltejs/acorn-typescript": "^1.0.5", "@types/estree": "^1.0.5", "acorn": "^8.12.1", "aria-query": "^5.3.1", "axobject-query": "^4.1.0", "clsx": "^2.1.1", "esm-env": "^1.2.1", "esrap": "^2.1.0", "is-reference": "^3.0.3", "locate-character": "^3.0.0", "magic-string": "^0.30.11", "zimmerframe": "^1.1.2" } }, ""],

    "svelte-check": ["svelte-check@4.3.1", "", { "dependencies": { "@jridgewell/trace-mapping": "^0.3.25", "chokidar": "^4.0.1", "fdir": "^6.2.0", "picocolors": "^1.0.0", "sade": "^1.7.4" }, "peerDependencies": { "svelte": "^4.0.0 || ^5.0.0-next.0", "typescript": ">=5.0.0" }, "bin": "bin/svelte-check" }, ""],

    "svelte-eslint-parser": ["svelte-eslint-parser@1.3.1", "", { "dependencies": { "eslint-scope": "^8.2.0", "eslint-visitor-keys": "^4.0.0", "espree": "^10.0.0", "postcss": "^8.4.49", "postcss-scss": "^4.0.9", "postcss-selector-parser": "^7.0.0" }, "peerDependencies": { "svelte": "^3.37.0 || ^4.0.0 || ^5.0.0" } }, ""],

    "svelte-feather-icons": ["svelte-feather-icons@4.2.0", "", { "dependencies": { "svelte": "^3.38.2" } }, "sha512-KuMTDrL6sA8aCxBv3RMgmmnnyIaAXaYcmWkmNa2r2Qj70vi+An2T6ZBAdiZr6wjx+a3eZJy+FRseeRkzQFGHPw=="],

    "text-segmentation": ["text-segmentation@1.0.3", "", { "dependencies": { "utrie": "^1.0.2" } }, "sha512-iOiPUo/BGnZ6+54OsWxZidGCsdU8YbE4PSpdPinp7DeMtUJNJBoJ/ouUSTJjHkh1KntHaltHl/gDs2FC4i5+Nw=="],

    "tinybench": ["tinybench@2.9.0", "", {}, ""],

    "tinyexec": ["tinyexec@0.3.2", "", {}, ""],

    "tinyglobby": ["tinyglobby@0.2.14", "", { "dependencies": { "fdir": "^6.4.4", "picomatch": "^4.0.2" } }, ""],

    "tinypool": ["tinypool@1.1.1", "", {}, ""],

    "tinyrainbow": ["tinyrainbow@2.0.0", "", {}, ""],

    "tinyspy": ["tinyspy@4.0.3", "", {}, ""],

    "to-regex-range": ["to-regex-range@5.0.1", "", { "dependencies": { "is-number": "^7.0.0" } }, ""],

    "totalist": ["totalist@3.0.1", "", {}, ""],

    "ts-api-utils": ["ts-api-utils@2.1.0", "", { "peerDependencies": { "typescript": ">=4.8.4" } }, ""],

    "type-check": ["type-check@0.4.0", "", { "dependencies": { "prelude-ls": "^1.2.1" } }, ""],

    "typescript": ["typescript@5.9.2", "", { "bin": { "tsc": "bin/tsc", "tsserver": "bin/tsserver" } }, ""],

    "typescript-eslint": ["typescript-eslint@8.40.0", "", { "dependencies": { "@typescript-eslint/eslint-plugin": "8.40.0", "@typescript-eslint/parser": "8.40.0", "@typescript-eslint/typescript-estree": "8.40.0", "@typescript-eslint/utils": "8.40.0" }, "peerDependencies": { "eslint": "^8.57.0 || ^9.0.0", "typescript": ">=4.8.4 <6.0.0" } }, ""],

    "uri-js": ["uri-js@4.4.1", "", { "dependencies": { "punycode": "^2.1.0" } }, ""],

    "util-deprecate": ["util-deprecate@1.0.2", "", {}, ""],

    "utrie": ["utrie@1.0.2", "", { "dependencies": { "base64-arraybuffer": "^1.0.2" } }, "sha512-1MLa5ouZiOmQzUbjbu9VmjLzn1QLXBhwpUa7kdLUQK+KQ5KA9I1vk5U4YHe/X2Ch7PYnJfWuWT+VbuxbGwljhw=="],

    "vite": ["vite@7.1.3", "", { "dependencies": { "esbuild": "^0.25.0", "fdir": "^6.5.0", "picomatch": "^4.0.3", "postcss": "^8.5.6", "rollup": "^4.43.0", "tinyglobby": "^0.2.14" }, "optionalDependencies": { "fsevents": "~2.3.3" }, "peerDependencies": { "@types/node": "^20.19.0 || >=22.12.0", "jiti": ">=1.21.0", "less": "^4.0.0", "lightningcss": "^1.21.0", "sass": "^1.70.0", "sass-embedded": "^1.70.0", "stylus": ">=0.54.8", "sugarss": "^5.0.0", "terser": "^5.16.0", "tsx": "^4.8.1", "yaml": "^2.4.2" }, "optionalPeers": ["@types/node", "jiti", "less", "lightningcss", "sass", "sass-embedded", "stylus", "sugarss", "terser", "tsx"], "bin": "bin/vite.js" }, ""],

    "vite-node": ["vite-node@3.2.4", "", { "dependencies": { "cac": "^6.7.14", "debug": "^4.4.1", "es-module-lexer": "^1.7.0", "pathe": "^2.0.3", "vite": "^5.0.0 || ^6.0.0 || ^7.0.0-0" }, "bin": "vite-node.mjs" }, ""],

    "vitefu": ["vitefu@1.1.1", "", { "peerDependencies": { "vite": "^3.0.0 || ^4.0.0 || ^5.0.0 || ^6.0.0 || ^7.0.0-beta.0" } }, ""],

    "vitest": ["vitest@3.2.4", "", { "dependencies": { "@types/chai": "^5.2.2", "@vitest/expect": "3.2.4", "@vitest/mocker": "3.2.4", "@vitest/pretty-format": "^3.2.4", "@vitest/runner": "3.2.4", "@vitest/snapshot": "3.2.4", "@vitest/spy": "3.2.4", "@vitest/utils": "3.2.4", "chai": "^5.2.0", "debug": "^4.4.1", "expect-type": "^1.2.1", "magic-string": "^0.30.17", "pathe": "^2.0.3", "picomatch": "^4.0.2", "std-env": "^3.9.0", "tinybench": "^2.9.0", "tinyexec": "^0.3.2", "tinyglobby": "^0.2.14", "tinypool": "^1.1.1", "tinyrainbow": "^2.0.0", "vite": "^5.0.0 || ^6.0.0 || ^7.0.0-0", "vite-node": "3.2.4", "why-is-node-running": "^2.3.0" }, "peerDependencies": { "@edge-runtime/vm": "*", "@types/debug": "^4.1.12", "@types/node": "^18.0.0 || ^20.0.0 || >=22.0.0", "@vitest/browser": "3.2.4", "@vitest/ui": "3.2.4", "happy-dom": "*", "jsdom": "*" }, "optionalPeers": ["@edge-runtime/vm", "@types/debug", "@types/node", "@vitest/ui", "happy-dom", "jsdom"], "bin": "vitest.mjs" }, ""],

    "vitest-browser-svelte": ["vitest-browser-svelte@0.1.0", "", { "peerDependencies": { "@vitest/browser": "^2.1.0 || ^3.0.0-0", "svelte": ">3.0.0", "vitest": "^2.1.0 || ^3.0.0-0" } }, ""],

    "which": ["which@2.0.2", "", { "dependencies": { "isexe": "^2.0.0" }, "bin": { "node-which": "bin/node-which" } }, ""],

    "why-is-node-running": ["why-is-node-running@2.3.0", "", { "dependencies": { "siginfo": "^2.0.0", "stackback": "0.0.2" }, "bin": "cli.js" }, ""],

    "word-wrap": ["word-wrap@1.2.5", "", {}, ""],

    "ws": ["ws@8.18.3", "", { "peerDependencies": { "bufferutil": "^4.0.1", "utf-8-validate": ">=5.0.2" }, "optionalPeers": ["bufferutil", "utf-8-validate"] }, ""],

    "yaml": ["yaml@2.8.1", "", { "bin": "bin.mjs" }, "sha512-lcYcMxX2PO9XMGvAJkJ3OsNMw+/7FKes7/hgerGUYWIoWu5j/+YQqcZr5JnPZWzOsEBgMbSbiSTn/dv/69Mkpw=="],

    "yocto-queue": ["yocto-queue@0.1.0", "", {}, ""],

    "zimmerframe": ["zimmerframe@1.1.2", "", {}, ""],

    "@eslint-community/eslint-utils/eslint-visitor-keys": ["eslint-visitor-keys@3.4.3", "", {}, ""],

    "@eslint/eslintrc/globals": ["globals@14.0.0", "", {}, ""],

    "@humanfs/node/@humanwhocodes/retry": ["@humanwhocodes/retry@0.3.1", "", {}, ""],

    "@rollup/plugin-commonjs/is-reference": ["is-reference@1.2.1", "", { "dependencies": { "@types/estree": "*" } }, ""],

    "@testing-library/dom/aria-query": ["aria-query@5.3.0", "", { "dependencies": { "dequal": "^2.0.3" } }, ""],

    "@typescript-eslint/eslint-plugin/ignore": ["ignore@7.0.5", "", {}, ""],

    "@typescript-eslint/typescript-estree/minimatch": ["minimatch@9.0.5", "", { "dependencies": { "brace-expansion": "^2.0.1" } }, ""],

    "@vitest/mocker/estree-walker": ["estree-walker@3.0.3", "", { "dependencies": { "@types/estree": "^1.0.0" } }, ""],

    "fast-glob/glob-parent": ["glob-parent@5.1.2", "", { "dependencies": { "is-glob": "^4.0.1" } }, ""],

    "micromatch/picomatch": ["picomatch@2.3.1", "", {}, ""],

    "postcss-load-config/yaml": ["yaml@1.10.2", "", {}, "sha512-r3vXyErRCYJ7wg28yvBY5VSoAF8ZvlcW9/BwUzEtUsjvX/DKs24dIkuwjtuprwJJHsbyUbLApepYTR1BN4uHrg=="],

    "pretty-format/ansi-styles": ["ansi-styles@5.2.0", "", {}, ""],

    "rollup/fsevents": ["fsevents@2.3.3", "", { "os": "darwin" }, "sha512-5xoDfX+fL7faATnagmWPpbFtwh/R77WmMMqqHGS65C3vvB0YHrgF+B1YmZ3441tMj5n63k0212XNoJwzlhffQw=="],

    "strip-literal/js-tokens": ["js-tokens@9.0.1", "", {}, ""],

    "svelte-feather-icons/svelte": ["svelte@3.59.2", "", {}, "sha512-vzSyuGr3eEoAtT/A6bmajosJZIUWySzY2CzB3w2pgPvnkUjGqlDnsNnA0PMO+mMAhuyMul6C2uuZzY6ELSkzyA=="],

    "vite/fsevents": ["fsevents@2.3.3", "", { "os": "darwin" }, "sha512-5xoDfX+fL7faATnagmWPpbFtwh/R77WmMMqqHGS65C3vvB0YHrgF+B1YmZ3441tMj5n63k0212XNoJwzlhffQw=="],

    "@typescript-eslint/typescript-estree/minimatch/brace-expansion": ["brace-expansion@2.0.2", "", { "dependencies": { "balanced-match": "^1.0.0" } }, ""],
  }
}
